
Microsoft Visual Studio Solution File, Format Version 12.00
# Visual Studio 15
VisualStudioVersion = 15.0.26430.16
MinimumVisualStudioVersion = 10.0.40219.1
Project("{FAE04EC0-301F-11D3-BF4B-00C04F79EFBC}") = "SimpleInjectorPlayground", "SimpleInjectorPlayground\SimpleInjectorPlayground.csproj", "{477E1FAD-FA0F-4836-8831-C80B54764460}"
EndProject
Project("{FAE04EC0-301F-11D3-BF4B-00C04F79EFBC}") = "SimpleInjectorPlaygroundTests", "SimpleInjectorPlaygroundTests\SimpleInjectorPlaygroundTests.csproj", "{E62D3484-63E0-40E8-8C75-BE30C6BC065F}"
EndProject
Global
	GlobalSection(SolutionConfigurationPlatforms) = preSolution
		Debug|Any CPU = Debug|Any CPU
		Release|Any CPU = Release|Any CPU
	EndGlobalSection
	GlobalSection(ProjectConfigurationPlatforms) = postSolution
		{477E1FAD-FA0F-4836-8831-C80B54764460}.Debug|Any CPU.ActiveCfg = Debug|Any CPU
		{477E1FAD-FA0F-4836-8831-C80B54764460}.Debug|Any CPU.Build.0 = Debug|Any CPU
		{477E1FAD-FA0F-4836-8831-C80B54764460}.Release|Any CPU.ActiveCfg = Release|Any CPU
		{477E1FAD-FA0F-4836-8831-C80B54764460}.Release|Any CPU.Build.0 = Release|Any CPU
		{E62D3484-63E0-40E8-8C75-BE30C6BC065F}.Debug|Any CPU.ActiveCfg = Debug|Any CPU
		{E62D3484-63E0-40E8-8C75-BE30C6BC065F}.Debug|Any CPU.Build.0 = Debug|Any CPU
		{E62D3484-63E0-40E8-8C75-BE30C6BC065F}.Release|Any CPU.ActiveCfg = Release|Any CPU
		{E62D3484-63E0-40E8-8C75-BE30C6BC065F}.Release|Any CPU.Build.0 = Release|Any CPU
	EndGlobalSection
	GlobalSection(SolutionProperties) = preSolution
		HideSolutionNode = FALSE
	EndGlobalSection
EndGlobal
